
Microsoft Visual Studio Solution File, Format Version 12.00
# Visual Studio Version 16
VisualStudioVersion = 16.0.30717.126
MinimumVisualStudioVersion = 10.0.40219.1
Project("{FAE04EC0-301F-11D3-BF4B-00C04F79EFBC}") = "Bil372_Odev2", "Bil372_Odev2.csproj", "{335AE36F-5530-4331-85C1-AC5AD415B20E}"
EndProject
Global
	GlobalSection(SolutionConfigurationPlatforms) = preSolution
		Debug|Any CPU = Debug|Any CPU
		Release|Any CPU = Release|Any CPU
	EndGlobalSection
	GlobalSection(ProjectConfigurationPlatforms) = postSolution
		{335AE36F-5530-4331-85C1-AC5AD415B20E}.Debug|Any CPU.ActiveCfg = Debug|Any CPU
		{335AE36F-5530-4331-85C1-AC5AD415B20E}.Debug|Any CPU.Build.0 = Debug|Any CPU
		{335AE36F-5530-4331-85C1-AC5AD415B20E}.Release|Any CPU.ActiveCfg = Release|Any CPU
		{335AE36F-5530-4331-85C1-AC5AD415B20E}.Release|Any CPU.Build.0 = Release|Any CPU
	EndGlobalSection
	GlobalSection(SolutionProperties) = preSolution
		HideSolutionNode = FALSE
	EndGlobalSection
	GlobalSection(ExtensibilityGlobals) = postSolution
		SolutionGuid = {3CF4DE6A-91CF-4345-98D6-8DC8FD8A6272}
	EndGlobalSection
EndGlobal
